
Microsoft Visual Studio Solution File, Format Version 12.00
# Visual Studio Version 17
VisualStudioVersion = 17.8.34511.84
MinimumVisualStudioVersion = 10.0.40219.1
Project("{2150E333-8FDC-42A3-9474-1A3956D46DE8}") = "Solution Items", "Solution Items", "{944FE6F0-7214-40A1-B549-09BB730853A9}"
	ProjectSection(SolutionItems) = preProject
		.editorconfig = .editorconfig
		Directory.Build.props = Directory.Build.props
		Directory.Build.targets = Directory.Build.targets
		Directory.Packages.props = Directory.Packages.props
		README.md = README.md
	EndProjectSection
EndProject
Project("{2150E333-8FDC-42A3-9474-1A3956D46DE8}") = "workflows", "workflows", "{FDD9E962-89D9-4D7B-B878-625C0AC9FEC5}"
	ProjectSection(SolutionItems) = preProject
		.github\dependabot.yml = .github\dependabot.yml
		.github\workflows\release.yml = .github\workflows\release.yml
		.github\workflows\test.yml = .github\workflows\test.yml
	EndProjectSection
EndProject
Project("{2150E333-8FDC-42A3-9474-1A3956D46DE8}") = "Scripts", "Scripts", "{02EA681E-C7D8-13C7-8484-4AC65E1B71E8}"
	ProjectSection(SolutionItems) = preProject
		.github\scripts\Build-ReleasePackage.ps1 = .github\scripts\Build-ReleasePackage.ps1
	EndProjectSection
EndProject
Project("{FAE04EC0-301F-11D3-BF4B-00C04F79EFBC}") = "Plugin.WmiClient", "Plugin.WmiClient\Plugin.WmiClient.csproj", "{EA575D02-2EA5-496C-AC0B-2BAD04FA476A}"
EndProject
Global
	GlobalSection(SolutionConfigurationPlatforms) = preSolution
		Debug|Any CPU = Debug|Any CPU
		Release|Any CPU = Release|Any CPU
	EndGlobalSection
	GlobalSection(ProjectConfigurationPlatforms) = postSolution
		{EA575D02-2EA5-496C-AC0B-2BAD04FA476A}.Debug|Any CPU.ActiveCfg = Debug|Any CPU
		{EA575D02-2EA5-496C-AC0B-2BAD04FA476A}.Debug|Any CPU.Build.0 = Debug|Any CPU
		{EA575D02-2EA5-496C-AC0B-2BAD04FA476A}.Release|Any CPU.ActiveCfg = Release|Any CPU
		{EA575D02-2EA5-496C-AC0B-2BAD04FA476A}.Release|Any CPU.Build.0 = Release|Any CPU
	EndGlobalSection
	GlobalSection(SolutionProperties) = preSolution
		HideSolutionNode = FALSE
	EndGlobalSection
	GlobalSection(NestedProjects) = preSolution
		{FDD9E962-89D9-4D7B-B878-625C0AC9FEC5} = {944FE6F0-7214-40A1-B549-09BB730853A9}
		{02EA681E-C7D8-13C7-8484-4AC65E1B71E8} = {944FE6F0-7214-40A1-B549-09BB730853A9}
	EndGlobalSection
	GlobalSection(ExtensibilityGlobals) = postSolution
		SolutionGuid = {FFFA89BE-B87B-4C1B-A9E8-1F18BE4FD2EB}
	EndGlobalSection
EndGlobal
